[
  {
    "createdAt": "2026-05-13T17:56:23Z",
    "isLatest": true,
    "isPrerelease": false,
    "tagName": "22631.7079.23H2.PRO.X64.EN",
    "assets": [
      {
        "apiUrl": "https://api.github.com/repos/Cairnstew/uup-dump-build-and-get-windows-iso/releases/assets/429769705",
        "contentType": "application/octet-stream",
        "createdAt": "2026-05-26T00:34:56Z",
        "digest": "sha256:26a412764e476c404945bc0cea9ef2ef48a4d3886c2b88273b2c9aa7e7324649",
        "downloadCount": 3,
        "id": "RA_kwDORSPfSs4ZncPp",
        "label": "",
        "name": "22631.7079.260506-2107.23H2_NI_RELEASE_SVC_PROD1_CLIENTPRO_OEMRET_X64FRE_EN-US.ISO.zip.001",
        "size": 2044723200,
        "state": "uploaded",
        "updatedAt": "2026-05-26T00:37:09Z",
        "url": "https://github.com/Cairnstew/uup-dump-build-and-get-windows-iso/releases/download/22631.7079.23H2.PRO.X64.EN/22631.7079.260506-2107.23H2_NI_RELEASE_SVC_PROD1_CLIENTPRO_OEMRET_X64FRE_EN-US.ISO.zip.001"
      },
      {
        "apiUrl": "https://api.github.com/repos/Cairnstew/uup-dump-build-and-get-windows-iso/releases/assets/429769706",
        "contentType": "application/octet-stream",
        "createdAt": "2026-05-26T00:34:56Z",
        "digest": "sha256:c5a2328a523398d2814ec4746e0e1b94c53f12b445666603271d4c5ee7946c51",
        "downloadCount": 3,
        "id": "RA_kwDORSPfSs4ZncPq",
        "label": "",
        "name": "22631.7079.260506-2107.23H2_NI_RELEASE_SVC_PROD1_CLIENTPRO_OEMRET_X64FRE_EN-US.ISO.zip.002",
        "size": 2044723200,
        "state": "uploaded",
        "updatedAt": "2026-05-26T00:37:10Z",
        "url": "https://github.com/Cairnstew/uup-dump-build-and-get-windows-iso/releases/download/22631.7079.23H2.PRO.X64.EN/22631.7079.260506-2107.23H2_NI_RELEASE_SVC_PROD1_CLIENTPRO_OEMRET_X64FRE_EN-US.ISO.zip.002"
      },
      {
        "apiUrl": "https://api.github.com/repos/Cairnstew/uup-dump-build-and-get-windows-iso/releases/assets/429769703",
        "contentType": "application/octet-stream",
        "createdAt": "2026-05-26T00:34:56Z",
        "digest": "sha256:5b6143e61a6f7876e627ca75cae59ec795ef619ea8f74a39bb0b13c9b303cfda",
        "downloadCount": 3,
        "id": "RA_kwDORSPfSs4ZncPn",
        "label": "",
        "name": "22631.7079.260506-2107.23H2_NI_RELEASE_SVC_PROD1_CLIENTPRO_OEMRET_X64FRE_EN-US.ISO.zip.003",
        "size": 2044723200,
        "state": "uploaded",
        "updatedAt": "2026-05-26T00:37:18Z",
        "url": "https://github.com/Cairnstew/uup-dump-build-and-get-windows-iso/releases/download/22631.7079.23H2.PRO.X64.EN/22631.7079.260506-2107.23H2_NI_RELEASE_SVC_PROD1_CLIENTPRO_OEMRET_X64FRE_EN-US.ISO.zip.003"
      },
      {
        "apiUrl": "https://api.github.com/repos/Cairnstew/uup-dump-build-and-get-windows-iso/releases/assets/429769704",
        "contentType": "application/octet-stream",
        "createdAt": "2026-05-26T00:34:56Z",
        "digest": "sha256:69ee48e6053dcd2d0c2679715f1cf353a3152c4b4122ba8dd94cb51097a9e050",
        "downloadCount": 3,
        "id": "RA_kwDORSPfSs4ZncPo",
        "label": "",
        "name": "22631.7079.260506-2107.23H2_NI_RELEASE_SVC_PROD1_CLIENTPRO_OEMRET_X64FRE_EN-US.ISO.zip.004",
        "size": 724537758,
        "state": "uploaded",
        "updatedAt": "2026-05-26T00:35:50Z",
        "url": "https://github.com/Cairnstew/uup-dump-build-and-get-windows-iso/releases/download/22631.7079.23H2.PRO.X64.EN/22631.7079.260506-2107.23H2_NI_RELEASE_SVC_PROD1_CLIENTPRO_OEMRET_X64FRE_EN-US.ISO.zip.004"
      },
      {
        "apiUrl": "https://api.github.com/repos/Cairnstew/uup-dump-build-and-get-windows-iso/releases/assets/429772430",
        "contentType": "application/zip",
        "createdAt": "2026-05-26T00:42:04Z",
        "digest": "sha256:a244c420a89b2c3160391b16c78dae3031701893b61d555a43a8e84a78cc32d8",
        "downloadCount": 0,
        "id": "RA_kwDORSPfSs4Znc6O",
        "label": "",
        "name": "isoautodl-linux-arm.zip",
        "size": 5903820,
        "state": "uploaded",
        "updatedAt": "2026-05-26T00:42:04Z",
        "url": "https://github.com/Cairnstew/uup-dump-build-and-get-windows-iso/releases/download/22631.7079.23H2.PRO.X64.EN/isoautodl-linux-arm.zip"
      },
      {
        "apiUrl": "https://api.github.com/repos/Cairnstew/uup-dump-build-and-get-windows-iso/releases/assets/429772445",
        "contentType": "application/zip",
        "createdAt": "2026-05-26T00:42:05Z",
        "digest": "sha256:e234b0b8e7e9362b1aec2ca54d7c79e5f59eb7d30d25971373ef018ec717ae20",
        "downloadCount": 1,
        "id": "RA_kwDORSPfSs4Znc6d",
        "label": "",
        "name": "isoautodl-linux-arm64.zip",
        "size": 6979823,
        "state": "uploaded",
        "updatedAt": "2026-05-26T00:42:06Z",
        "url": "https://github.com/Cairnstew/uup-dump-build-and-get-windows-iso/releases/download/22631.7079.23H2.PRO.X64.EN/isoautodl-linux-arm64.zip"
      },
      {
        "apiUrl": "https://api.github.com/repos/Cairnstew/uup-dump-build-and-get-windows-iso/releases/assets/429772418",
        "contentType": "application/zip",
        "createdAt": "2026-05-26T00:42:03Z",
        "digest": "sha256:4d2cee78d533cc0b4636263cc3828bef0b524ea9f9c45035f19f622525434397",
        "downloadCount": 0,
        "id": "RA_kwDORSPfSs4Znc6C",
        "label": "",
        "name": "isoautodl-linux-x64.zip",
        "size": 6171460,
        "state": "uploaded",
        "updatedAt": "2026-05-26T00:42:03Z",
        "url": "https://github.com/Cairnstew/uup-dump-build-and-get-windows-iso/releases/download/22631.7079.23H2.PRO.X64.EN/isoautodl-linux-x64.zip"
      },
      {
        "apiUrl": "https://api.github.com/repos/Cairnstew/uup-dump-build-and-get-windows-iso/releases/assets/429772498",
        "contentType": "application/zip",
        "createdAt": "2026-05-26T00:42:06Z",
        "digest": "sha256:6a6b1062568941747e3707b3976e346ad9589a006e40944245ba9ed0ac8e16c0",
        "downloadCount": 0,
        "id": "RA_kwDORSPfSs4Znc7S",
        "label": "",
        "name": "isoautodl-macos-universal.zip",
        "size": 4571410,
        "state": "uploaded",
        "updatedAt": "2026-05-26T00:42:07Z",
        "url": "https://github.com/Cairnstew/uup-dump-build-and-get-windows-iso/releases/download/22631.7079.23H2.PRO.X64.EN/isoautodl-macos-universal.zip"
      },
      {
        "apiUrl": "https://api.github.com/repos/Cairnstew/uup-dump-build-and-get-windows-iso/releases/assets/429772409",
        "contentType": "application/zip",
        "createdAt": "2026-05-26T00:42:02Z",
        "digest": "sha256:e059b3589d7b473b076c9da6d0d4ef0107747bb5ea4a4471e089a7de353873a0",
        "downloadCount": 0,
        "id": "RA_kwDORSPfSs4Znc55",
        "label": "",
        "name": "isoautodl-windows-arm64.zip",
        "size": 2585934,
        "state": "uploaded",
        "updatedAt": "2026-05-26T00:42:02Z",
        "url": "https://github.com/Cairnstew/uup-dump-build-and-get-windows-iso/releases/download/22631.7079.23H2.PRO.X64.EN/isoautodl-windows-arm64.zip"
      },
      {
        "apiUrl": "https://api.github.com/repos/Cairnstew/uup-dump-build-and-get-windows-iso/releases/assets/429772398",
        "contentType": "application/zip",
        "createdAt": "2026-05-26T00:42:00Z",
        "digest": "sha256:7e55a05973c24040b8d806a817b7d7476ec8658c40b18e2e488a7a0b186a5c47",
        "downloadCount": 0,
        "id": "RA_kwDORSPfSs4Znc5u",
        "label": "",
        "name": "isoautodl-windows-x64.zip",
        "size": 3075554,
        "state": "uploaded",
        "updatedAt": "2026-05-26T00:42:01Z",
        "url": "https://github.com/Cairnstew/uup-dump-build-and-get-windows-iso/releases/download/22631.7079.23H2.PRO.X64.EN/isoautodl-windows-x64.zip"
      }
    ]
  }
]
